// !$*UTF8*$!
{
	archiveVersion = 1;
	classes = {
	};
	objectVersion = 110;
	objects = {

/* Begin PBXContainerItemProxy section */
		1581175A2FF50CEF00FF289E /* PBXContainerItemProxy */ = {
			isa = PBXContainerItemProxy;
			containerPortal = 158117442FF50CEA00FF289E /* Project object */;
			proxyType = 1;
			remoteGlobalIDString = 1581174B2FF50CEA00FF289E;
			remoteInfo = WorkStamp;
		};
		158117642FF50CEF00FF289E /* PBXContainerItemProxy */ = {
			isa = PBXContainerItemProxy;
			containerPortal = 158117442FF50CEA00FF289E /* Project object */;
			proxyType = 1;
			remoteGlobalIDString = 1581174B2FF50CEA00FF289E;
			remoteInfo = WorkStamp;
		};
/* End PBXContainerItemProxy section */

/* Begin PBXFileReference section */
		1581174C2FF50CEA00FF289E /* WorkStamp.app */ = {isa = PBXFileReference; explicitFileType = wrapper.application; includeInIndex = 0; path = WorkStamp.app; sourceTree = BUILT_PRODUCTS_DIR; };
		158117592FF50CEF00FF289E /* WorkStampTests.xctest */ = {isa = PBXFileReference; explicitFileType = wrapper.cfbundle; includeInIndex = 0; path = WorkStampTests.xctest; sourceTree = BUILT_PRODUCTS_DIR; };
		158117632FF50CEF00FF289E /* WorkStampUITests.xctest */ = {isa = PBXFileReference; explicitFileType = wrapper.cfbundle; includeInIndex = 0; path = WorkStampUITests.xctest; sourceTree = BUILT_PRODUCTS_DIR; };
/* End PBXFileReference section */

/* Begin PBXFileSystemSynchronizedRootGroup section */
		1581174E2FF50CEA00FF289E /* WorkStamp */ = {
			isa = PBXFileSystemSynchronizedRootGroup;
			path = WorkStamp;
			sourceTree = "<group>";
		};
		1581175C2FF50CEF00FF289E /* WorkStampTests */ = {
			isa = PBXFileSystemSynchronizedRootGroup;
			path = WorkStampTests;
			sourceTree = "<group>";
		};
		158117662FF50CEF00FF289E /* WorkStampUITests */ = {
			isa = PBXFileSystemSynchronizedRootGroup;
			path = WorkStampUITests;
			sourceTree = "<group>";
		};
/* End PBXFileSystemSynchronizedRootGroup section */

/* Begin PBXFrameworksBuildPhase section */
		158117492FF50CEA00FF289E /* Frameworks */ = {
			isa = PBXFrameworksBuildPhase;
			files = (
			);
		};
		158117562FF50CEF00FF289E /* Frameworks */ = {
			isa = PBXFrameworksBuildPhase;
			files = (
			);
		};
		158117602FF50CEF00FF289E /* Frameworks */ = {
			isa = PBXFrameworksBuildPhase;
			files = (
			);
		};
/* End PBXFrameworksBuildPhase section */

/* Begin PBXGroup section */
		158117432FF50CEA00FF289E = {
			isa = PBXGroup;
			children = (
				1581174E2FF50CEA00FF289E /* WorkStamp */,
				1581175C2FF50CEF00FF289E /* WorkStampTests */,
				158117662FF50CEF00FF289E /* WorkStampUITests */,
				1581174D2FF50CEA00FF289E /* Products */,
			);
			sourceTree = "<group>";
		};
		1581174D2FF50CEA00FF289E /* Products */ = {
			isa = PBXGroup;
			children = (
				1581174C2FF50CEA00FF289E /* WorkStamp.app */,
				158117592FF50CEF00FF289E /* WorkStampTests.xctest */,
				158117632FF50CEF00FF289E /* WorkStampUITests.xctest */,
			);
			name = Products;
			sourceTree = "<group>";
		};
/* End PBXGroup section */

/* Begin PBXNativeTarget section */
		1581174B2FF50CEA00FF289E /* WorkStamp */ = {
			isa = PBXNativeTarget;
			buildConfigurationList = 1581176B2FF50CEF00FF289E /* Build configuration list for PBXNativeTarget "WorkStamp" */;
			buildPhases = (
				158117482FF50CEA00FF289E /* Sources */,
				158117492FF50CEA00FF289E /* Frameworks */,
				1581174A2FF50CEA00FF289E /* Resources */,
			);
			buildRules = (
			);
			fileSystemSynchronizedGroups = (
				1581174E2FF50CEA00FF289E /* WorkStamp */,
			);
			name = WorkStamp;
			productName = WorkStamp;
			productReference = 1581174C2FF50CEA00FF289E /* WorkStamp.app */;
			productType = "com.apple.product-type.application";
		};
		158117582FF50CEF00FF289E /* WorkStampTests */ = {
			isa = PBXNativeTarget;
			buildConfigurationList = 1581176E2FF50CEF00FF289E /* Build configuration list for PBXNativeTarget "WorkStampTests" */;
			buildPhases = (
				158117552FF50CEF00FF289E /* Sources */,
				158117562FF50CEF00FF289E /* Frameworks */,
				158117572FF50CEF00FF289E /* Resources */,
			);
			buildRules = (
			);
			dependencies = (
				1581175B2FF50CEF00FF289E /* PBXTargetDependency */,
			);
			fileSystemSynchronizedGroups = (
				1581175C2FF50CEF00FF289E /* WorkStampTests */,
			);
			name = WorkStampTests;
			productName = WorkStampTests;
			productReference = 158117592FF50CEF00FF289E /* WorkStampTests.xctest */;
			productType = "com.apple.product-type.bundle.unit-test";
		};
		158117622FF50CEF00FF289E /* WorkStampUITests */ = {
			isa = PBXNativeTarget;
			buildConfigurationList = 158117712FF50CEF00FF289E /* Build configuration list for PBXNativeTarget "WorkStampUITests" */;
			buildPhases = (
				1581175F2FF50CEF00FF289E /* Sources */,
				158117602FF50CEF00FF289E /* Frameworks */,
				158117612FF50CEF00FF289E /* Resources */,
			);
			buildRules = (
			);
			dependencies = (
				158117652FF50CEF00FF289E /* PBXTargetDependency */,
			);
			fileSystemSynchronizedGroups = (
				158117662FF50CEF00FF289E /* WorkStampUITests */,
			);
			name = WorkStampUITests;
			productName = WorkStampUITests;
			productReference = 158117632FF50CEF00FF289E /* WorkStampUITests.xctest */;
			productType = "com.apple.product-type.bundle.ui-testing";
		};
/* End PBXNativeTarget section */

/* Begin PBXProject section */
		158117442FF50CEA00FF289E /* Project object */ = {
			isa = PBXProject;
			attributes = {
				BuildIndependentTargetsInParallel = 1;
				LastSwiftUpdateCheck = 2700;
				LastUpgradeCheck = 2700;
				TargetAttributes = {
					1581174B2FF50CEA00FF289E = {
						CreatedOnToolsVersion = 27.0;
					};
					158117582FF50CEF00FF289E = {
						CreatedOnToolsVersion = 27.0;
						TestTargetID = 1581174B2FF50CEA00FF289E;
					};
					158117622FF50CEF00FF289E = {
						CreatedOnToolsVersion = 27.0;
						TestTargetID = 1581174B2FF50CEA00FF289E;
					};
				};
			};
			buildConfigurationList = 158117472FF50CEA00FF289E /* Build configuration list for PBXProject "WorkStamp" */;
			developmentRegion = en;
			hasScannedForEncodings = 0;
			knownRegions = (
				en,
				Base,
			);
			mainGroup = 158117432FF50CEA00FF289E;
			minimizedProjectReferenceProxies = 1;
			preferredProjectObjectVersion = 77;
			productRefGroup = 1581174D2FF50CEA00FF289E /* Products */;
			projectDirPath = "";
			projectRoot = "";
			targets = (
				1581174B2FF50CEA00FF289E /* WorkStamp */,
				158117582FF50CEF00FF289E /* WorkStampTests */,
				158117622FF50CEF00FF289E /* WorkStampUITests */,
			);
		};
/* End PBXProject section */

/* Begin PBXResourcesBuildPhase section */
		1581174A2FF50CEA00FF289E /* Resources */ = {
			isa = PBXResourcesBuildPhase;
			files = (
			);
		};
		158117572FF50CEF00FF289E /* Resources */ = {
			isa = PBXResourcesBuildPhase;
			files = (
			);
		};
		158117612FF50CEF00FF289E /* Resources */ = {
			isa = PBXResourcesBuildPhase;
			files = (
			);
		};
/* End PBXResourcesBuildPhase section */

/* Begin PBXSourcesBuildPhase section */
		158117482FF50CEA00FF289E /* Sources */ = {
			isa = PBXSourcesBuildPhase;
			files = (
			);
		};
		158117552FF50CEF00FF289E /* Sources */ = {
			isa = PBXSourcesBuildPhase;
			files = (
			);
		};
		1581175F2FF50CEF00FF289E /* Sources */ = {
			isa = PBXSourcesBuildPhase;
			files = (
			);
		};
/* End PBXSourcesBuildPhase section */

/* Begin PBXTargetDependency section */
		1581175B2FF50CEF00FF289E /* PBXTargetDependency */ = {
			isa = PBXTargetDependency;
			target = 1581174B2FF50CEA00FF289E /* WorkStamp */;
			targetProxy = 1581175A2FF50CEF00FF289E /* PBXContainerItemProxy */;
		};
		158117652FF50CEF00FF289E /* PBXTargetDependency */ = {
			isa = PBXTargetDependency;
			target = 1581174B2FF50CEA00FF289E /* WorkStamp */;
			targetProxy = 158117642FF50CEF00FF289E /* PBXContainerItemProxy */;
		};
/* End PBXTargetDependency section */

/* Begin XCBuildConfiguration section */
		158117692FF50CEF00FF289E /* Debug configuration for PBXProject "WorkStamp" */ = {
			isa = XCBuildConfiguration;
			buildSettings = {
				ALWAYS_SEARCH_USER_PATHS = NO;
				ASSETCATALOG_COMPILER_GENERATE_SWIFT_ASSET_SYMBOL_EXTENSIONS = YES;
				CLANG_ANALYZER_NONNULL = YES;
				CLANG_ANALYZER_NUMBER_OBJECT_CONVERSION = YES_AGGRESSIVE;
				CLANG_CXX_LANGUAGE_STANDARD = "gnu++20";
				CLANG_ENABLE_MODULES = YES;
				CLANG_ENABLE_OBJC_ARC = YES;
				CLANG_ENABLE_OBJC_WEAK = YES;
				CLANG_WARN_BLOCK_CAPTURE_AUTORELEASING = YES;
				CLANG_WARN_BOOL_CONVERSION = YES;
				CLANG_WARN_COMMA = YES;
				CLANG_WARN_CONSTANT_CONVERSION = YES;
				CLANG_WARN_DEPRECATED_OBJC_IMPLEMENTATIONS = YES;
				CLANG_WARN_DIRECT_OBJC_ISA_USAGE = YES_ERROR;
				CLANG_WARN_DOCUMENTATION_COMMENTS = YES;
				CLANG_WARN_EMPTY_BODY = YES;
				CLANG_WARN_ENUM_CONVERSION = YES;
				CLANG_WARN_INFINITE_RECURSION = YES;
				CLANG_WARN_INT_CONVERSION = YES;
				CLANG_WARN_NON_LITERAL_NULL_CONVERSION = YES;
				CLANG_WARN_OBJC_IMPLICIT_RETAIN_SELF = YES;
				CLANG_WARN_OBJC_LITERAL_CONVERSION = YES;
				CLANG_WARN_OBJC_ROOT_CLASS = YES_ERROR;
				CLANG_WARN_QUOTED_INCLUDE_IN_FRAMEWORK_HEADER = YES;
				CLANG_WARN_RANGE_LOOP_ANALYSIS = YES;
				CLANG_WARN_STRICT_PROTOTYPES = YES;
				CLANG_WARN_SUSPICIOUS_MOVE = YES;
				CLANG_WARN_UNGUARDED_AVAILABILITY = YES_AGGRESSIVE;
				CLANG_WARN_UNREACHABLE_CODE = YES;
				CLANG_WARN__DUPLICATE_METHOD_MATCH = YES;
				COPY_PHASE_STRIP = NO;
				DEBUG_INFORMATION_FORMAT = dwarf;
				DEVELOPMENT_TEAM = 5CQ42G2N8X;
				ENABLE_STRICT_OBJC_MSGSEND = YES;
				ENABLE_TESTABILITY = YES;
				ENABLE_USER_SCRIPT_SANDBOXING = YES;
				GCC_C_LANGUAGE_STANDARD = gnu17;
				GCC_DYNAMIC_NO_PIC = NO;
				GCC_NO_COMMON_BLOCKS = YES;
				GCC_OPTIMIZATION_LEVEL = 0;
				GCC_PREPROCESSOR_DEFINITIONS = (
					"DEBUG=1",
					"$(inherited)",
				);
				GCC_WARN_64_TO_32_BIT_CONVERSION = YES;
				GCC_WARN_ABOUT_RETURN_TYPE = YES_ERROR;
				GCC_WARN_UNDECLARED_SELECTOR = YES;
				GCC_WARN_UNINITIALIZED_AUTOS = YES_AGGRESSIVE;
				GCC_WARN_UNUSED_FUNCTION = YES;
				GCC_WARN_UNUSED_VARIABLE = YES;
				IPHONEOS_DEPLOYMENT_TARGET = 27.0;
				LOCALIZATION_PREFERS_STRING_CATALOGS = YES;
				MTL_ENABLE_DEBUG_INFO = INCLUDE_SOURCE;
				MTL_FAST_MATH = YES;
				ONLY_ACTIVE_ARCH = YES;
				SDKROOT = iphoneos;
				SWIFT_ACTIVE_COMPILATION_CONDITIONS = "DEBUG $(inherited)";
				SWIFT_OPTIMIZATION_LEVEL = "-Onone";
			};
			name = Debug;
		};
		1581176A2FF50CEF00FF289E /* Release configuration for PBXProject "WorkStamp" */ = {
			isa = XCBuildConfiguration;
			buildSettings = {
				ALWAYS_SEARCH_USER_PATHS = NO;
				ASSETCATALOG_COMPILER_GENERATE_SWIFT_ASSET_SYMBOL_EXTENSIONS = YES;
				CLANG_ANALYZER_NONNULL = YES;
				CLANG_ANALYZER_NUMBER_OBJECT_CONVERSION = YES_AGGRESSIVE;
				CLANG_CXX_LANGUAGE_STANDARD = "gnu++20";
				CLANG_ENABLE_MODULES = YES;
				CLANG_ENABLE_OBJC_ARC = YES;
				CLANG_ENABLE_OBJC_WEAK = YES;
				CLANG_WARN_BLOCK_CAPTURE_AUTORELEASING = YES;
				CLANG_WARN_BOOL_CONVERSION = YES;
				CLANG_WARN_COMMA = YES;
				CLANG_WARN_CONSTANT_CONVERSION = YES;
				CLANG_WARN_DEPRECATED_OBJC_IMPLEMENTATIONS = YES;
				CLANG_WARN_DIRECT_OBJC_ISA_USAGE = YES_ERROR;
				CLANG_WARN_DOCUMENTATION_COMMENTS = YES;
				CLANG_WARN_EMPTY_BODY = YES;
				CLANG_WARN_ENUM_CONVERSION = YES;
				CLANG_WARN_INFINITE_RECURSION = YES;
				CLANG_WARN_INT_CONVERSION = YES;
				CLANG_WARN_NON_LITERAL_NULL_CONVERSION = YES;
				CLANG_WARN_OBJC_IMPLICIT_RETAIN_SELF = YES;
				CLANG_WARN_OBJC_LITERAL_CONVERSION = YES;
				CLANG_WARN_OBJC_ROOT_CLASS = YES_ERROR;
				CLANG_WARN_QUOTED_INCLUDE_IN_FRAMEWORK_HEADER = YES;
				CLANG_WARN_RANGE_LOOP_ANALYSIS = YES;
				CLANG_WARN_STRICT_PROTOTYPES = YES;
				CLANG_WARN_SUSPICIOUS_MOVE = YES;
				CLANG_WARN_UNGUARDED_AVAILABILITY = YES_AGGRESSIVE;
				CLANG_WARN_UNREACHABLE_CODE = YES;
				CLANG_WARN__DUPLICATE_METHOD_MATCH = YES;
				COPY_PHASE_STRIP = NO;
				DEBUG_INFORMATION_FORMAT = "dwarf-with-dsym";
				DEVELOPMENT_TEAM = 5CQ42G2N8X;
				ENABLE_NS_ASSERTIONS = NO;
				ENABLE_STRICT_OBJC_MSGSEND = YES;
				ENABLE_USER_SCRIPT_SANDBOXING = YES;
				GCC_C_LANGUAGE_STANDARD = gnu17;
				GCC_NO_COMMON_BLOCKS = YES;
				GCC_WARN_64_TO_32_BIT_CONVERSION = YES;
				GCC_WARN_ABOUT_RETURN_TYPE = YES_ERROR;
				GCC_WARN_UNDECLARED_SELECTOR = YES;
				GCC_WARN_UNINITIALIZED_AUTOS = YES_AGGRESSIVE;
				GCC_WARN_UNUSED_FUNCTION = YES;
				GCC_WARN_UNUSED_VARIABLE = YES;
				IPHONEOS_DEPLOYMENT_TARGET = 27.0;
				LOCALIZATION_PREFERS_STRING_CATALOGS = YES;
				MTL_ENABLE_DEBUG_INFO = NO;
				MTL_FAST_MATH = YES;
				SDKROOT = iphoneos;
				SWIFT_COMPILATION_MODE = wholemodule;
				VALIDATE_PRODUCT = YES;
			};
			name = Release;
		};
		1581176C2FF50CEF00FF289E /* Debug configuration for PBXNativeTarget "WorkStamp" */ = {
			isa = XCBuildConfiguration;
			buildSettings = {
				ASSETCATALOG_COMPILER_APPICON_NAME = AppIcon;
				ASSETCATALOG_COMPILER_GLOBAL_ACCENT_COLOR_NAME = AccentColor;
				CODE_SIGN_STYLE = Automatic;
				CURRENT_PROJECT_VERSION = 1;
				DEVELOPMENT_TEAM = 5CQ42G2N8X;
				ENABLE_PREVIEWS = YES;
				GENERATE_INFOPLIST_FILE = YES;
				INFOPLIST_KEY_NSCameraUsageDescription = "拍照用于生成带水印的现场记录照片";
				INFOPLIST_KEY_NSLocationWhenInUseUsageDescription = "定位用于写入经纬度、地址和海拔水印";
				INFOPLIST_KEY_NSPhotoLibraryAddUsageDescription = "保存带水印照片到系统相册";
				INFOPLIST_KEY_UIApplicationSceneManifest_Generation = YES;
				INFOPLIST_KEY_UIApplicationSupportsIndirectInputEvents = YES;
				INFOPLIST_KEY_UILaunchScreen_Generation = YES;
				INFOPLIST_KEY_UISupportedInterfaceOrientations_iPad = "UIInterfaceOrientationPortrait UIInterfaceOrientationPortraitUpsideDown UIInterfaceOrientationLandscapeLeft UIInterfaceOrientationLandscapeRight";
				INFOPLIST_KEY_UISupportedInterfaceOrientations_iPhone = "UIInterfaceOrientationPortrait UIInterfaceOrientationLandscapeLeft UIInterfaceOrientationLandscapeRight";
				LD_RUNPATH_SEARCH_PATHS = (
					"$(inherited)",
					"@executable_path/Frameworks",
				);
				MARKETING_VERSION = 1.0;
				PRODUCT_BUNDLE_IDENTIFIER = com.godmiracle.WorkStamp;
				PRODUCT_NAME = "$(TARGET_NAME)";
				STRING_CATALOG_GENERATE_SYMBOLS = YES;
				SWIFT_APPROACHABLE_CONCURRENCY = YES;
				SWIFT_DEFAULT_ACTOR_ISOLATION = MainActor;
				SWIFT_EMIT_LOC_STRINGS = YES;
				SWIFT_UPCOMING_FEATURE_MEMBER_IMPORT_VISIBILITY = YES;
				SWIFT_VERSION = 5.0;
				TARGETED_DEVICE_FAMILY = "1,2";
			};
			name = Debug;
		};
		1581176D2FF50CEF00FF289E /* Release configuration for PBXNativeTarget "WorkStamp" */ = {
			isa = XCBuildConfiguration;
			buildSettings = {
				ASSETCATALOG_COMPILER_APPICON_NAME = AppIcon;
				ASSETCATALOG_COMPILER_GLOBAL_ACCENT_COLOR_NAME = AccentColor;
				CODE_SIGN_STYLE = Automatic;
				CURRENT_PROJECT_VERSION = 1;
				DEVELOPMENT_TEAM = 5CQ42G2N8X;
				ENABLE_PREVIEWS = YES;
				GENERATE_INFOPLIST_FILE = YES;
				INFOPLIST_KEY_NSCameraUsageDescription = "拍照用于生成带水印的现场记录照片";
				INFOPLIST_KEY_NSLocationWhenInUseUsageDescription = "定位用于写入经纬度、地址和海拔水印";
				INFOPLIST_KEY_NSPhotoLibraryAddUsageDescription = "保存带水印照片到系统相册";
				INFOPLIST_KEY_UIApplicationSceneManifest_Generation = YES;
				INFOPLIST_KEY_UIApplicationSupportsIndirectInputEvents = YES;
				INFOPLIST_KEY_UILaunchScreen_Generation = YES;
				INFOPLIST_KEY_UISupportedInterfaceOrientations_iPad = "UIInterfaceOrientationPortrait UIInterfaceOrientationPortraitUpsideDown UIInterfaceOrientationLandscapeLeft UIInterfaceOrientationLandscapeRight";
				INFOPLIST_KEY_UISupportedInterfaceOrientations_iPhone = "UIInterfaceOrientationPortrait UIInterfaceOrientationLandscapeLeft UIInterfaceOrientationLandscapeRight";
				LD_RUNPATH_SEARCH_PATHS = (
					"$(inherited)",
					"@executable_path/Frameworks",
				);
				MARKETING_VERSION = 1.0;
				PRODUCT_BUNDLE_IDENTIFIER = com.godmiracle.WorkStamp;
				PRODUCT_NAME = "$(TARGET_NAME)";
				STRING_CATALOG_GENERATE_SYMBOLS = YES;
				SWIFT_APPROACHABLE_CONCURRENCY = YES;
				SWIFT_DEFAULT_ACTOR_ISOLATION = MainActor;
				SWIFT_EMIT_LOC_STRINGS = YES;
				SWIFT_UPCOMING_FEATURE_MEMBER_IMPORT_VISIBILITY = YES;
				SWIFT_VERSION = 5.0;
				TARGETED_DEVICE_FAMILY = "1,2";
			};
			name = Release;
		};
		1581176F2FF50CEF00FF289E /* Debug configuration for PBXNativeTarget "WorkStampTests" */ = {
			isa = XCBuildConfiguration;
			buildSettings = {
				BUNDLE_LOADER = "$(TEST_HOST)";
				CODE_SIGN_STYLE = Automatic;
				CURRENT_PROJECT_VERSION = 1;
				DEVELOPMENT_TEAM = 5CQ42G2N8X;
				GENERATE_INFOPLIST_FILE = YES;
				IPHONEOS_DEPLOYMENT_TARGET = 27.0;
				MARKETING_VERSION = 1.0;
				PRODUCT_BUNDLE_IDENTIFIER = com.godmiracle.WorkStampTests;
				PRODUCT_NAME = "$(TARGET_NAME)";
				STRING_CATALOG_GENERATE_SYMBOLS = NO;
				SWIFT_APPROACHABLE_CONCURRENCY = YES;
				SWIFT_EMIT_LOC_STRINGS = NO;
				SWIFT_UPCOMING_FEATURE_MEMBER_IMPORT_VISIBILITY = YES;
				SWIFT_VERSION = 5.0;
				TARGETED_DEVICE_FAMILY = "1,2";
				TEST_HOST = "$(BUILT_PRODUCTS_DIR)/WorkStamp.app/$(BUNDLE_EXECUTABLE_FOLDER_PATH)/WorkStamp";
			};
			name = Debug;
		};
		158117702FF50CEF00FF289E /* Release configuration for PBXNativeTarget "WorkStampTests" */ = {
			isa = XCBuildConfiguration;
			buildSettings = {
				BUNDLE_LOADER = "$(TEST_HOST)";
				CODE_SIGN_STYLE = Automatic;
				CURRENT_PROJECT_VERSION = 1;
				DEVELOPMENT_TEAM = 5CQ42G2N8X;
				GENERATE_INFOPLIST_FILE = YES;
				IPHONEOS_DEPLOYMENT_TARGET = 27.0;
				MARKETING_VERSION = 1.0;
				PRODUCT_BUNDLE_IDENTIFIER = com.godmiracle.WorkStampTests;
				PRODUCT_NAME = "$(TARGET_NAME)";
				STRING_CATALOG_GENERATE_SYMBOLS = NO;
				SWIFT_APPROACHABLE_CONCURRENCY = YES;
				SWIFT_EMIT_LOC_STRINGS = NO;
				SWIFT_UPCOMING_FEATURE_MEMBER_IMPORT_VISIBILITY = YES;
				SWIFT_VERSION = 5.0;
				TARGETED_DEVICE_FAMILY = "1,2";
				TEST_HOST = "$(BUILT_PRODUCTS_DIR)/WorkStamp.app/$(BUNDLE_EXECUTABLE_FOLDER_PATH)/WorkStamp";
			};
			name = Release;
		};
		158117722FF50CEF00FF289E /* Debug configuration for PBXNativeTarget "WorkStampUITests" */ = {
			isa = XCBuildConfiguration;
			buildSettings = {
				CODE_SIGN_STYLE = Automatic;
				CURRENT_PROJECT_VERSION = 1;
				DEVELOPMENT_TEAM = 5CQ42G2N8X;
				GENERATE_INFOPLIST_FILE = YES;
				MARKETING_VERSION = 1.0;
				PRODUCT_BUNDLE_IDENTIFIER = com.godmiracle.WorkStampUITests;
				PRODUCT_NAME = "$(TARGET_NAME)";
				STRING_CATALOG_GENERATE_SYMBOLS = NO;
				SWIFT_APPROACHABLE_CONCURRENCY = YES;
				SWIFT_EMIT_LOC_STRINGS = NO;
				SWIFT_UPCOMING_FEATURE_MEMBER_IMPORT_VISIBILITY = YES;
				SWIFT_VERSION = 5.0;
				TARGETED_DEVICE_FAMILY = "1,2";
				TEST_TARGET_NAME = WorkStamp;
			};
			name = Debug;
		};
		158117732FF50CEF00FF289E /* Release configuration for PBXNativeTarget "WorkStampUITests" */ = {
			isa = XCBuildConfiguration;
			buildSettings = {
				CODE_SIGN_STYLE = Automatic;
				CURRENT_PROJECT_VERSION = 1;
				DEVELOPMENT_TEAM = 5CQ42G2N8X;
				GENERATE_INFOPLIST_FILE = YES;
				MARKETING_VERSION = 1.0;
				PRODUCT_BUNDLE_IDENTIFIER = com.godmiracle.WorkStampUITests;
				PRODUCT_NAME = "$(TARGET_NAME)";
				STRING_CATALOG_GENERATE_SYMBOLS = NO;
				SWIFT_APPROACHABLE_CONCURRENCY = YES;
				SWIFT_EMIT_LOC_STRINGS = NO;
				SWIFT_UPCOMING_FEATURE_MEMBER_IMPORT_VISIBILITY = YES;
				SWIFT_VERSION = 5.0;
				TARGETED_DEVICE_FAMILY = "1,2";
				TEST_TARGET_NAME = WorkStamp;
			};
			name = Release;
		};
/* End XCBuildConfiguration section */

/* Begin XCConfigurationList section */
		158117472FF50CEA00FF289E /* Build configuration list for PBXProject "WorkStamp" */ = {
			isa = XCConfigurationList;
			buildConfigurations = (
				158117692FF50CEF00FF289E /* Debug configuration for PBXProject "WorkStamp" */,
				1581176A2FF50CEF00FF289E /* Release configuration for PBXProject "WorkStamp" */,
			);
			defaultConfigurationName = Release;
		};
		1581176B2FF50CEF00FF289E /* Build configuration list for PBXNativeTarget "WorkStamp" */ = {
			isa = XCConfigurationList;
			buildConfigurations = (
				1581176C2FF50CEF00FF289E /* Debug configuration for PBXNativeTarget "WorkStamp" */,
				1581176D2FF50CEF00FF289E /* Release configuration for PBXNativeTarget "WorkStamp" */,
			);
			defaultConfigurationName = Release;
		};
		1581176E2FF50CEF00FF289E /* Build configuration list for PBXNativeTarget "WorkStampTests" */ = {
			isa = XCConfigurationList;
			buildConfigurations = (
				1581176F2FF50CEF00FF289E /* Debug configuration for PBXNativeTarget "WorkStampTests" */,
				158117702FF50CEF00FF289E /* Release configuration for PBXNativeTarget "WorkStampTests" */,
			);
			defaultConfigurationName = Release;
		};
		158117712FF50CEF00FF289E /* Build configuration list for PBXNativeTarget "WorkStampUITests" */ = {
			isa = XCConfigurationList;
			buildConfigurations = (
				158117722FF50CEF00FF289E /* Debug configuration for PBXNativeTarget "WorkStampUITests" */,
				158117732FF50CEF00FF289E /* Release configuration for PBXNativeTarget "WorkStampUITests" */,
			);
			defaultConfigurationName = Release;
		};
/* End XCConfigurationList section */
	};
	rootObject = 158117442FF50CEA00FF289E /* Project object */;
	validationLevel = 1;
}
